// !$*UTF8*$!
{
	archiveVersion = 1;
	classes = {
	};
	objectVersion = 46;
	objects = {

/* Begin PBXBuildFile section */
		D0385BA51DF5454800B7D625 /* main.m in Sources */ = {isa = PBXBuildFile; fileRef = D0385BA41DF5454800B7D625 /* main.m */; };
		D0385BA81DF5454800B7D625 /* AppDelegate.m in Sources */ = {isa = PBXBuildFile; fileRef = D0385BA71DF5454800B7D625 /* AppDelegate.m */; };
		D0385BAB1DF5454800B7D625 /* ViewController.m in Sources */ = {isa = PBXBuildFile; fileRef = D0385BAA1DF5454800B7D625 /* ViewController.m */; };
		D0385BAE1DF5454800B7D625 /* Main.storyboard in Resources */ = {isa = PBXBuildFile; fileRef = D0385BAC1DF5454800B7D625 /* Main.storyboard */; };
		D0385BB01DF5454800B7D625 /* Assets.xcassets in Resources */ = {isa = PBXBuildFile; fileRef = D0385BAF1DF5454800B7D625 /* Assets.xcassets */; };
		D0385BB31DF5454800B7D625 /* LaunchScreen.storyboard in Resources */ = {isa = PBXBuildFile; fileRef = D0385BB11DF5454800B7D625 /* LaunchScreen.storyboard */; };
		D0385BBE1DF5454800B7D625 /* RunTimeDemoTests.m in Sources */ = {isa = PBXBuildFile; fileRef = D0385BBD1DF5454800B7D625 /* RunTimeDemoTests.m */; };
		D0385BC91DF5454800B7D625 /* RunTimeDemoUITests.m in Sources */ = {isa = PBXBuildFile; fileRef = D0385BC81DF5454800B7D625 /* RunTimeDemoUITests.m */; };
		D0385BDA1DF5460600B7D625 /* TableViewController.m in Sources */ = {isa = PBXBuildFile; fileRef = D0385BD91DF5460600B7D625 /* TableViewController.m */; };
		D0385BDE1DF546BF00B7D625 /* UIButton+count.m in Sources */ = {isa = PBXBuildFile; fileRef = D0385BDD1DF546BF00B7D625 /* UIButton+count.m */; };
		D0385BE11DF546F300B7D625 /* Tool.m in Sources */ = {isa = PBXBuildFile; fileRef = D0385BE01DF546F200B7D625 /* Tool.m */; };
		D0385BE51DF68CBD00B7D625 /* oneViewController.m in Sources */ = {isa = PBXBuildFile; fileRef = D0385BE31DF68CBD00B7D625 /* oneViewController.m */; };
		D0385BE61DF68CBD00B7D625 /* oneViewController.xib in Resources */ = {isa = PBXBuildFile; fileRef = D0385BE41DF68CBD00B7D625 /* oneViewController.xib */; };
		D0385BEA1DF68D3A00B7D625 /* twoViewController.m in Sources */ = {isa = PBXBuildFile; fileRef = D0385BE81DF68D3A00B7D625 /* twoViewController.m */; };
		D0385BEB1DF68D3A00B7D625 /* twoViewController.xib in Resources */ = {isa = PBXBuildFile; fileRef = D0385BE91DF68D3A00B7D625 /* twoViewController.xib */; };
		D0385BEF1DF68D6000B7D625 /* threeViewController.m in Sources */ = {isa = PBXBuildFile; fileRef = D0385BED1DF68D6000B7D625 /* threeViewController.m */; };
		D0385BF01DF68D6000B7D625 /* threeViewController.xib in Resources */ = {isa = PBXBuildFile; fileRef = D0385BEE1DF68D6000B7D625 /* threeViewController.xib */; };
		D0385BF91DF68D9900B7D625 /* FiveViewController.m in Sources */ = {isa = PBXBuildFile; fileRef = D0385BF71DF68D9900B7D625 /* FiveViewController.m */; };
		D0385BFE1DF68DA900B7D625 /* SixViewController.m in Sources */ = {isa = PBXBuildFile; fileRef = D0385BFC1DF68DA900B7D625 /* SixViewController.m */; };
		D0385BFF1DF68DA900B7D625 /* SixViewController.xib in Resources */ = {isa = PBXBuildFile; fileRef = D0385BFD1DF68DA900B7D625 /* SixViewController.xib */; };
		D0385C021DF68DC200B7D625 /* SevenViewController.m in Sources */ = {isa = PBXBuildFile; fileRef = D0385C011DF68DC200B7D625 /* SevenViewController.m */; };
		D0385C061DF68DE900B7D625 /* FourViewController.m in Sources */ = {isa = PBXBuildFile; fileRef = D0385C041DF68DE900B7D625 /* FourViewController.m */; };
		D0385C071DF68DE900B7D625 /* FourViewController.xib in Resources */ = {isa = PBXBuildFile; fileRef = D0385C051DF68DE900B7D625 /* FourViewController.xib */; };
		D0385C0A1DF6B78200B7D625 /* Person.m in Sources */ = {isa = PBXBuildFile; fileRef = D0385C091DF6B78200B7D625 /* Person.m */; };
		D0385C0D1DF7D83C00B7D625 /* Movie.m in Sources */ = {isa = PBXBuildFile; fileRef = D0385C0C1DF7D83C00B7D625 /* Movie.m */; };
		D0385C101DF7D88100B7D625 /* NSObject+Item.m in Sources */ = {isa = PBXBuildFile; fileRef = D0385C0F1DF7D88100B7D625 /* NSObject+Item.m */; };
		D0385C131DF8047200B7D625 /* HGUser.m in Sources */ = {isa = PBXBuildFile; fileRef = D0385C121DF8047200B7D625 /* HGUser.m */; };
/* End PBXBuildFile section */

/* Begin PBXContainerItemProxy section */
		D0385BBA1DF5454800B7D625 /* PBXContainerItemProxy */ = {
			isa = PBXContainerItemProxy;
			containerPortal = D0385B981DF5454800B7D625 /* Project object */;
			proxyType = 1;
			remoteGlobalIDString = D0385B9F1DF5454800B7D625;
			remoteInfo = RunTimeDemo;
		};
		D0385BC51DF5454800B7D625 /* PBXContainerItemProxy */ = {
			isa = PBXContainerItemProxy;
			containerPortal = D0385B981DF5454800B7D625 /* Project object */;
			proxyType = 1;
			remoteGlobalIDString = D0385B9F1DF5454800B7D625;
			remoteInfo = RunTimeDemo;
		};
/* End PBXContainerItemProxy section */

/* Begin PBXFileReference section */
		D0385BA01DF5454800B7D625 /* RunTimeDemo.app */ = {isa = PBXFileReference; explicitFileType = wrapper.application; includeInIndex = 0; path = RunTimeDemo.app; sourceTree = BUILT_PRODUCTS_DIR; };
		D0385BA41DF5454800B7D625 /* main.m */ = {isa = PBXFileReference; lastKnownFileType = sourcecode.c.objc; path = main.m; sourceTree = "<group>"; };
		D0385BA61DF5454800B7D625 /* AppDelegate.h */ = {isa = PBXFileReference; lastKnownFileType = sourcecode.c.h; path = AppDelegate.h; sourceTree = "<group>"; };
		D0385BA71DF5454800B7D625 /* AppDelegate.m */ = {isa = PBXFileReference; lastKnownFileType = sourcecode.c.objc; path = AppDelegate.m; sourceTree = "<group>"; };
		D0385BA91DF5454800B7D625 /* ViewController.h */ = {isa = PBXFileReference; lastKnownFileType = sourcecode.c.h; path = ViewController.h; sourceTree = "<group>"; };
		D0385BAA1DF5454800B7D625 /* ViewController.m */ = {isa = PBXFileReference; lastKnownFileType = sourcecode.c.objc; path = ViewController.m; sourceTree = "<group>"; };
		D0385BAD1DF5454800B7D625 /* Base */ = {isa = PBXFileReference; lastKnownFileType = file.storyboard; name = Base; path = Base.lproj/Main.storyboard; sourceTree = "<group>"; };
		D0385BAF1DF5454800B7D625 /* Assets.xcassets */ = {isa = PBXFileReference; lastKnownFileType = folder.assetcatalog; path = Assets.xcassets; sourceTree = "<group>"; };
		D0385BB21DF5454800B7D625 /* Base */ = {isa = PBXFileReference; lastKnownFileType = file.storyboard; name = Base; path = Base.lproj/LaunchScreen.storyboard; sourceTree = "<group>"; };
		D0385BB41DF5454800B7D625 /* Info.plist */ = {isa = PBXFileReference; lastKnownFileType = text.plist.xml; path = Info.plist; sourceTree = "<group>"; };
		D0385BB91DF5454800B7D625 /* RunTimeDemoTests.xctest */ = {isa = PBXFileReference; explicitFileType = wrapper.cfbundle; includeInIndex = 0; path = RunTimeDemoTests.xctest; sourceTree = BUILT_PRODUCTS_DIR; };
		D0385BBD1DF5454800B7D625 /* RunTimeDemoTests.m */ = {isa = PBXFileReference; lastKnownFileType = sourcecode.c.objc; path = RunTimeDemoTests.m; sourceTree = "<group>"; };
		D0385BBF1DF5454800B7D625 /* Info.plist */ = {isa = PBXFileReference; lastKnownFileType = text.plist.xml; path = Info.plist; sourceTree = "<group>"; };
		D0385BC41DF5454800B7D625 /* RunTimeDemoUITests.xctest */ = {isa = PBXFileReference; explicitFileType = wrapper.cfbundle; includeInIndex = 0; path = RunTimeDemoUITests.xctest; sourceTree = BUILT_PRODUCTS_DIR; };
		D0385BC81DF5454800B7D625 /* RunTimeDemoUITests.m */ = {isa = PBXFileReference; lastKnownFileType = sourcecode.c.objc; path = RunTimeDemoUITests.m; sourceTree = "<group>"; };
		D0385BCA1DF5454800B7D625 /* Info.plist */ = {isa = PBXFileReference; lastKnownFileType = text.plist.xml; path = Info.plist; sourceTree = "<group>"; };
		D0385BD81DF5460600B7D625 /* TableViewController.h */ = {isa = PBXFileReference; fileEncoding = 4; lastKnownFileType = sourcecode.c.h; path = TableViewController.h; sourceTree = "<group>"; };
		D0385BD91DF5460600B7D625 /* TableViewController.m */ = {isa = PBXFileReference; fileEncoding = 4; lastKnownFileType = sourcecode.c.objc; path = TableViewController.m; sourceTree = "<group>"; };
		D0385BDC1DF546BF00B7D625 /* UIButton+count.h */ = {isa = PBXFileReference; fileEncoding = 4; lastKnownFileType = sourcecode.c.h; path = "UIButton+count.h"; sourceTree = "<group>"; };
		D0385BDD1DF546BF00B7D625 /* UIButton+count.m */ = {isa = PBXFileReference; fileEncoding = 4; lastKnownFileType = sourcecode.c.objc; path = "UIButton+count.m"; sourceTree = "<group>"; };
		D0385BDF1DF546F200B7D625 /* Tool.h */ = {isa = PBXFileReference; fileEncoding = 4; lastKnownFileType = sourcecode.c.h; path = Tool.h; sourceTree = "<group>"; };
		D0385BE01DF546F200B7D625 /* Tool.m */ = {isa = PBXFileReference; fileEncoding = 4; lastKnownFileType = sourcecode.c.objc; path = Tool.m; sourceTree = "<group>"; };
		D0385BE21DF68CBD00B7D625 /* oneViewController.h */ = {isa = PBXFileReference; fileEncoding = 4; lastKnownFileType = sourcecode.c.h; path = oneViewController.h; sourceTree = "<group>"; };
		D0385BE31DF68CBD00B7D625 /* oneViewController.m */ = {isa = PBXFileReference; fileEncoding = 4; lastKnownFileType = sourcecode.c.objc; path = oneViewController.m; sourceTree = "<group>"; };
		D0385BE41DF68CBD00B7D625 /* oneViewController.xib */ = {isa = PBXFileReference; fileEncoding = 4; lastKnownFileType = file.xib; path = oneViewController.xib; sourceTree = "<group>"; };
		D0385BE71DF68D3A00B7D625 /* twoViewController.h */ = {isa = PBXFileReference; fileEncoding = 4; lastKnownFileType = sourcecode.c.h; path = twoViewController.h; sourceTree = "<group>"; };
		D0385BE81DF68D3A00B7D625 /* twoViewController.m */ = {isa = PBXFileReference; fileEncoding = 4; lastKnownFileType = sourcecode.c.objc; path = twoViewController.m; sourceTree = "<group>"; };
		D0385BE91DF68D3A00B7D625 /* twoViewController.xib */ = {isa = PBXFileReference; fileEncoding = 4; lastKnownFileType = file.xib; path = twoViewController.xib; sourceTree = "<group>"; };
		D0385BEC1DF68D6000B7D625 /* threeViewController.h */ = {isa = PBXFileReference; fileEncoding = 4; lastKnownFileType = sourcecode.c.h; path = threeViewController.h; sourceTree = "<group>"; };
		D0385BED1DF68D6000B7D625 /* threeViewController.m */ = {isa = PBXFileReference; fileEncoding = 4; lastKnownFileType = sourcecode.c.objc; path = threeViewController.m; sourceTree = "<group>"; };
		D0385BEE1DF68D6000B7D625 /* threeViewController.xib */ = {isa = PBXFileReference; fileEncoding = 4; lastKnownFileType = file.xib; path = threeViewController.xib; sourceTree = "<group>"; };
		D0385BF61DF68D9900B7D625 /* FiveViewController.h */ = {isa = PBXFileReference; fileEncoding = 4; lastKnownFileType = sourcecode.c.h; path = FiveViewController.h; sourceTree = "<group>"; };
		D0385BF71DF68D9900B7D625 /* FiveViewController.m */ = {isa = PBXFileReference; fileEncoding = 4; lastKnownFileType = sourcecode.c.objc; path = FiveViewController.m; sourceTree = "<group>"; };
		D0385BFB1DF68DA900B7D625 /* SixViewController.h */ = {isa = PBXFileReference; fileEncoding = 4; lastKnownFileType = sourcecode.c.h; path = SixViewController.h; sourceTree = "<group>"; };
		D0385BFC1DF68DA900B7D625 /* SixViewController.m */ = {isa = PBXFileReference; fileEncoding = 4; lastKnownFileType = sourcecode.c.objc; path = SixViewController.m; sourceTree = "<group>"; };
		D0385BFD1DF68DA900B7D625 /* SixViewController.xib */ = {isa = PBXFileReference; fileEncoding = 4; lastKnownFileType = file.xib; path = SixViewController.xib; sourceTree = "<group>"; };
		D0385C001DF68DC200B7D625 /* SevenViewController.h */ = {isa = PBXFileReference; fileEncoding = 4; lastKnownFileType = sourcecode.c.h; path = SevenViewController.h; sourceTree = "<group>"; };
		D0385C011DF68DC200B7D625 /* SevenViewController.m */ = {isa = PBXFileReference; fileEncoding = 4; lastKnownFileType = sourcecode.c.objc; path = SevenViewController.m; sourceTree = "<group>"; };
		D0385C031DF68DE900B7D625 /* FourViewController.h */ = {isa = PBXFileReference; fileEncoding = 4; lastKnownFileType = sourcecode.c.h; path = FourViewController.h; sourceTree = "<group>"; };
		D0385C041DF68DE900B7D625 /* FourViewController.m */ = {isa = PBXFileReference; fileEncoding = 4; lastKnownFileType = sourcecode.c.objc; path = FourViewController.m; sourceTree = "<group>"; };
		D0385C051DF68DE900B7D625 /* FourViewController.xib */ = {isa = PBXFileReference; fileEncoding = 4; lastKnownFileType = file.xib; path = FourViewController.xib; sourceTree = "<group>"; };
		D0385C081DF6B78200B7D625 /* Person.h */ = {isa = PBXFileReference; fileEncoding = 4; lastKnownFileType = sourcecode.c.h; path = Person.h; sourceTree = "<group>"; };
		D0385C091DF6B78200B7D625 /* Person.m */ = {isa = PBXFileReference; fileEncoding = 4; lastKnownFileType = sourcecode.c.objc; path = Person.m; sourceTree = "<group>"; };
		D0385C0B1DF7D83C00B7D625 /* Movie.h */ = {isa = PBXFileReference; fileEncoding = 4; lastKnownFileType = sourcecode.c.h; path = Movie.h; sourceTree = "<group>"; };
		D0385C0C1DF7D83C00B7D625 /* Movie.m */ = {isa = PBXFileReference; fileEncoding = 4; lastKnownFileType = sourcecode.c.objc; path = Movie.m; sourceTree = "<group>"; };
		D0385C0E1DF7D88100B7D625 /* NSObject+Item.h */ = {isa = PBXFileReference; fileEncoding = 4; lastKnownFileType = sourcecode.c.h; path = "NSObject+Item.h"; sourceTree = "<group>"; };
		D0385C0F1DF7D88100B7D625 /* NSObject+Item.m */ = {isa = PBXFileReference; fileEncoding = 4; lastKnownFileType = sourcecode.c.objc; path = "NSObject+Item.m"; sourceTree = "<group>"; };
		D0385C111DF8047200B7D625 /* HGUser.h */ = {isa = PBXFileReference; fileEncoding = 4; lastKnownFileType = sourcecode.c.h; path = HGUser.h; sourceTree = "<group>"; };
		D0385C121DF8047200B7D625 /* HGUser.m */ = {isa = PBXFileReference; fileEncoding = 4; lastKnownFileType = sourcecode.c.objc; path = HGUser.m; sourceTree = "<group>"; };
/* End PBXFileReference section */

/* Begin PBXFrameworksBuildPhase section */
		D0385B9D1DF5454800B7D625 /* Frameworks */ = {
			isa = PBXFrameworksBuildPhase;
			buildActionMask = 2147483647;
			files = (
			);
			runOnlyForDeploymentPostprocessing = 0;
		};
		D0385BB61DF5454800B7D625 /* Frameworks */ = {
			isa = PBXFrameworksBuildPhase;
			buildActionMask = 2147483647;
			files = (
			);
			runOnlyForDeploymentPostprocessing = 0;
		};
		D0385BC11DF5454800B7D625 /* Frameworks */ = {
			isa = PBXFrameworksBuildPhase;
			buildActionMask = 2147483647;
			files = (
			);
			runOnlyForDeploymentPostprocessing = 0;
		};
/* End PBXFrameworksBuildPhase section */

/* Begin PBXGroup section */
		D0385B971DF5454800B7D625 = {
			isa = PBXGroup;
			children = (
				D0385BA21DF5454800B7D625 /* RunTimeDemo */,
				D0385BBC1DF5454800B7D625 /* RunTimeDemoTests */,
				D0385BC71DF5454800B7D625 /* RunTimeDemoUITests */,
				D0385BA11DF5454800B7D625 /* Products */,
			);
			sourceTree = "<group>";
		};
		D0385BA11DF5454800B7D625 /* Products */ = {
			isa = PBXGroup;
			children = (
				D0385BA01DF5454800B7D625 /* RunTimeDemo.app */,
				D0385BB91DF5454800B7D625 /* RunTimeDemoTests.xctest */,
				D0385BC41DF5454800B7D625 /* RunTimeDemoUITests.xctest */,
			);
			name = Products;
			sourceTree = "<group>";
		};
		D0385BA21DF5454800B7D625 /* RunTimeDemo */ = {
			isa = PBXGroup;
			children = (
				D0385BD61DF545B800B7D625 /* Controllers */,
				D0385BD71DF545B800B7D625 /* Model */,
				D0385BA61DF5454800B7D625 /* AppDelegate.h */,
				D0385BA71DF5454800B7D625 /* AppDelegate.m */,
				D0385BA91DF5454800B7D625 /* ViewController.h */,
				D0385BAA1DF5454800B7D625 /* ViewController.m */,
				D0385BAC1DF5454800B7D625 /* Main.storyboard */,
				D0385BAF1DF5454800B7D625 /* Assets.xcassets */,
				D0385BB11DF5454800B7D625 /* LaunchScreen.storyboard */,
				D0385BB41DF5454800B7D625 /* Info.plist */,
				D0385BA31DF5454800B7D625 /* Supporting Files */,
			);
			path = RunTimeDemo;
			sourceTree = "<group>";
		};
		D0385BA31DF5454800B7D625 /* Supporting Files */ = {
			isa = PBXGroup;
			children = (
				D0385BA41DF5454800B7D625 /* main.m */,
			);
			name = "Supporting Files";
			sourceTree = "<group>";
		};
		D0385BBC1DF5454800B7D625 /* RunTimeDemoTests */ = {
			isa = PBXGroup;
			children = (
				D0385BBD1DF5454800B7D625 /* RunTimeDemoTests.m */,
				D0385BBF1DF5454800B7D625 /* Info.plist */,
			);
			path = RunTimeDemoTests;
			sourceTree = "<group>";
		};
		D0385BC71DF5454800B7D625 /* RunTimeDemoUITests */ = {
			isa = PBXGroup;
			children = (
				D0385BC81DF5454800B7D625 /* RunTimeDemoUITests.m */,
				D0385BCA1DF5454800B7D625 /* Info.plist */,
			);
			path = RunTimeDemoUITests;
			sourceTree = "<group>";
		};
		D0385BD61DF545B800B7D625 /* Controllers */ = {
			isa = PBXGroup;
			children = (
				D0385BD81DF5460600B7D625 /* TableViewController.h */,
				D0385BD91DF5460600B7D625 /* TableViewController.m */,
				D0385BE21DF68CBD00B7D625 /* oneViewController.h */,
				D0385BE31DF68CBD00B7D625 /* oneViewController.m */,
				D0385BE41DF68CBD00B7D625 /* oneViewController.xib */,
				D0385BE71DF68D3A00B7D625 /* twoViewController.h */,
				D0385BE81DF68D3A00B7D625 /* twoViewController.m */,
				D0385BE91DF68D3A00B7D625 /* twoViewController.xib */,
				D0385BEC1DF68D6000B7D625 /* threeViewController.h */,
				D0385BED1DF68D6000B7D625 /* threeViewController.m */,
				D0385BEE1DF68D6000B7D625 /* threeViewController.xib */,
				D0385C031DF68DE900B7D625 /* FourViewController.h */,
				D0385C041DF68DE900B7D625 /* FourViewController.m */,
				D0385C051DF68DE900B7D625 /* FourViewController.xib */,
				D0385BF61DF68D9900B7D625 /* FiveViewController.h */,
				D0385BF71DF68D9900B7D625 /* FiveViewController.m */,
				D0385BFB1DF68DA900B7D625 /* SixViewController.h */,
				D0385BFC1DF68DA900B7D625 /* SixViewController.m */,
				D0385BFD1DF68DA900B7D625 /* SixViewController.xib */,
				D0385C001DF68DC200B7D625 /* SevenViewController.h */,
				D0385C011DF68DC200B7D625 /* SevenViewController.m */,
			);
			path = Controllers;
			sourceTree = "<group>";
		};
		D0385BD71DF545B800B7D625 /* Model */ = {
			isa = PBXGroup;
			children = (
				D0385BDC1DF546BF00B7D625 /* UIButton+count.h */,
				D0385BDD1DF546BF00B7D625 /* UIButton+count.m */,
				D0385BDF1DF546F200B7D625 /* Tool.h */,
				D0385BE01DF546F200B7D625 /* Tool.m */,
				D0385C081DF6B78200B7D625 /* Person.h */,
				D0385C091DF6B78200B7D625 /* Person.m */,
				D0385C0B1DF7D83C00B7D625 /* Movie.h */,
				D0385C0C1DF7D83C00B7D625 /* Movie.m */,
				D0385C0E1DF7D88100B7D625 /* NSObject+Item.h */,
				D0385C0F1DF7D88100B7D625 /* NSObject+Item.m */,
				D0385C111DF8047200B7D625 /* HGUser.h */,
				D0385C121DF8047200B7D625 /* HGUser.m */,
			);
			path = Model;
			sourceTree = "<group>";
		};
/* End PBXGroup section */

/* Begin PBXNativeTarget section */
		D0385B9F1DF5454800B7D625 /* RunTimeDemo */ = {
			isa = PBXNativeTarget;
			buildConfigurationList = D0385BCD1DF5454800B7D625 /* Build configuration list for PBXNativeTarget "RunTimeDemo" */;
			buildPhases = (
				D0385B9C1DF5454800B7D625 /* Sources */,
				D0385B9D1DF5454800B7D625 /* Frameworks */,
				D0385B9E1DF5454800B7D625 /* Resources */,
			);
			buildRules = (
			);
			dependencies = (
			);
			name = RunTimeDemo;
			productName = RunTimeDemo;
			productReference = D0385BA01DF5454800B7D625 /* RunTimeDemo.app */;
			productType = "com.apple.product-type.application";
		};
		D0385BB81DF5454800B7D625 /* RunTimeDemoTests */ = {
			isa = PBXNativeTarget;
			buildConfigurationList = D0385BD01DF5454800B7D625 /* Build configuration list for PBXNativeTarget "RunTimeDemoTests" */;
			buildPhases = (
				D0385BB51DF5454800B7D625 /* Sources */,
				D0385BB61DF5454800B7D625 /* Frameworks */,
				D0385BB71DF5454800B7D625 /* Resources */,
			);
			buildRules = (
			);
			dependencies = (
				D0385BBB1DF5454800B7D625 /* PBXTargetDependency */,
			);
			name = RunTimeDemoTests;
			productName = RunTimeDemoTests;
			productReference = D0385BB91DF5454800B7D625 /* RunTimeDemoTests.xctest */;
			productType = "com.apple.product-type.bundle.unit-test";
		};
		D0385BC31DF5454800B7D625 /* RunTimeDemoUITests */ = {
			isa = PBXNativeTarget;
			buildConfigurationList = D0385BD31DF5454800B7D625 /* Build configuration list for PBXNativeTarget "RunTimeDemoUITests" */;
			buildPhases = (
				D0385BC01DF5454800B7D625 /* Sources */,
				D0385BC11DF5454800B7D625 /* Frameworks */,
				D0385BC21DF5454800B7D625 /* Resources */,
			);
			buildRules = (
			);
			dependencies = (
				D0385BC61DF5454800B7D625 /* PBXTargetDependency */,
			);
			name = RunTimeDemoUITests;
			productName = RunTimeDemoUITests;
			productReference = D0385BC41DF5454800B7D625 /* RunTimeDemoUITests.xctest */;
			productType = "com.apple.product-type.bundle.ui-testing";
		};
/* End PBXNativeTarget section */

/* Begin PBXProject section */
		D0385B981DF5454800B7D625 /* Project object */ = {
			isa = PBXProject;
			attributes = {
				LastUpgradeCheck = 0810;
				ORGANIZATIONNAME = hxshop;
				TargetAttributes = {
					D0385B9F1DF5454800B7D625 = {
						CreatedOnToolsVersion = 8.1;
						DevelopmentTeam = KLYZKP2VX3;
						ProvisioningStyle = Automatic;
					};
					D0385BB81DF5454800B7D625 = {
						CreatedOnToolsVersion = 8.1;
						ProvisioningStyle = Automatic;
						TestTargetID = D0385B9F1DF5454800B7D625;
					};
					D0385BC31DF5454800B7D625 = {
						CreatedOnToolsVersion = 8.1;
						ProvisioningStyle = Automatic;
						TestTargetID = D0385B9F1DF5454800B7D625;
					};
				};
			};
			buildConfigurationList = D0385B9B1DF5454800B7D625 /* Build configuration list for PBXProject "RunTimeDemo" */;
			compatibilityVersion = "Xcode 3.2";
			developmentRegion = English;
			hasScannedForEncodings = 0;
			knownRegions = (
				en,
				Base,
			);
			mainGroup = D0385B971DF5454800B7D625;
			productRefGroup = D0385BA11DF5454800B7D625 /* Products */;
			projectDirPath = "";
			projectRoot = "";
			targets = (
				D0385B9F1DF5454800B7D625 /* RunTimeDemo */,
				D0385BB81DF5454800B7D625 /* RunTimeDemoTests */,
				D0385BC31DF5454800B7D625 /* RunTimeDemoUITests */,
			);
		};
/* End PBXProject section */

/* Begin PBXResourcesBuildPhase section */
		D0385B9E1DF5454800B7D625 /* Resources */ = {
			isa = PBXResourcesBuildPhase;
			buildActionMask = 2147483647;
			files = (
				D0385BEB1DF68D3A00B7D625 /* twoViewController.xib in Resources */,
				D0385BFF1DF68DA900B7D625 /* SixViewController.xib in Resources */,
				D0385C071DF68DE900B7D625 /* FourViewController.xib in Resources */,
				D0385BB31DF5454800B7D625 /* LaunchScreen.storyboard in Resources */,
				D0385BB01DF5454800B7D625 /* Assets.xcassets in Resources */,
				D0385BF01DF68D6000B7D625 /* threeViewController.xib in Resources */,
				D0385BAE1DF5454800B7D625 /* Main.storyboard in Resources */,
				D0385BE61DF68CBD00B7D625 /* oneViewController.xib in Resources */,
			);
			runOnlyForDeploymentPostprocessing = 0;
		};
		D0385BB71DF5454800B7D625 /* Resources */ = {
			isa = PBXResourcesBuildPhase;
			buildActionMask = 2147483647;
			files = (
			);
			runOnlyForDeploymentPostprocessing = 0;
		};
		D0385BC21DF5454800B7D625 /* Resources */ = {
			isa = PBXResourcesBuildPhase;
			buildActionMask = 2147483647;
			files = (
			);
			runOnlyForDeploymentPostprocessing = 0;
		};
/* End PBXResourcesBuildPhase section */

/* Begin PBXSourcesBuildPhase section */
		D0385B9C1DF5454800B7D625 /* Sources */ = {
			isa = PBXSourcesBuildPhase;
			buildActionMask = 2147483647;
			files = (
				D0385BAB1DF5454800B7D625 /* ViewController.m in Sources */,
				D0385BFE1DF68DA900B7D625 /* SixViewController.m in Sources */,
				D0385C0A1DF6B78200B7D625 /* Person.m in Sources */,
				D0385BA81DF5454800B7D625 /* AppDelegate.m in Sources */,
				D0385C021DF68DC200B7D625 /* SevenViewController.m in Sources */,
				D0385BA51DF5454800B7D625 /* main.m in Sources */,
				D0385BE11DF546F300B7D625 /* Tool.m in Sources */,
				D0385BDE1DF546BF00B7D625 /* UIButton+count.m in Sources */,
				D0385BE51DF68CBD00B7D625 /* oneViewController.m in Sources */,
				D0385BEF1DF68D6000B7D625 /* threeViewController.m in Sources */,
				D0385BF91DF68D9900B7D625 /* FiveViewController.m in Sources */,
				D0385C131DF8047200B7D625 /* HGUser.m in Sources */,
				D0385C061DF68DE900B7D625 /* FourViewController.m in Sources */,
				D0385C101DF7D88100B7D625 /* NSObject+Item.m in Sources */,
				D0385C0D1DF7D83C00B7D625 /* Movie.m in Sources */,
				D0385BDA1DF5460600B7D625 /* TableViewController.m in Sources */,
				D0385BEA1DF68D3A00B7D625 /* twoViewController.m in Sources */,
			);
			runOnlyForDeploymentPostprocessing = 0;
		};
		D0385BB51DF5454800B7D625 /* Sources */ = {
			isa = PBXSourcesBuildPhase;
			buildActionMask = 2147483647;
			files = (
				D0385BBE1DF5454800B7D625 /* RunTimeDemoTests.m in Sources */,
			);
			runOnlyForDeploymentPostprocessing = 0;
		};
		D0385BC01DF5454800B7D625 /* Sources */ = {
			isa = PBXSourcesBuildPhase;
			buildActionMask = 2147483647;
			files = (
				D0385BC91DF5454800B7D625 /* RunTimeDemoUITests.m in Sources */,
			);
			runOnlyForDeploymentPostprocessing = 0;
		};
/* End PBXSourcesBuildPhase section */

/* Begin PBXTargetDependency section */
		D0385BBB1DF5454800B7D625 /* PBXTargetDependency */ = {
			isa = PBXTargetDependency;
			target = D0385B9F1DF5454800B7D625 /* RunTimeDemo */;
			targetProxy = D0385BBA1DF5454800B7D625 /* PBXContainerItemProxy */;
		};
		D0385BC61DF5454800B7D625 /* PBXTargetDependency */ = {
			isa = PBXTargetDependency;
			target = D0385B9F1DF5454800B7D625 /* RunTimeDemo */;
			targetProxy = D0385BC51DF5454800B7D625 /* PBXContainerItemProxy */;
		};
/* End PBXTargetDependency section */

/* Begin PBXVariantGroup section */
		D0385BAC1DF5454800B7D625 /* Main.storyboard */ = {
			isa = PBXVariantGroup;
			children = (
				D0385BAD1DF5454800B7D625 /* Base */,
			);
			name = Main.storyboard;
			sourceTree = "<group>";
		};
		D0385BB11DF5454800B7D625 /* LaunchScreen.storyboard */ = {
			isa = PBXVariantGroup;
			children = (
				D0385BB21DF5454800B7D625 /* Base */,
			);
			name = LaunchScreen.storyboard;
			sourceTree = "<group>";
		};
/* End PBXVariantGroup section */

/* Begin XCBuildConfiguration section */
		D0385BCB1DF5454800B7D625 /* Debug */ = {
			isa = XCBuildConfiguration;
			buildSettings = {
				ALWAYS_SEARCH_USER_PATHS = NO;
				CLANG_ANALYZER_NONNULL = YES;
				CLANG_CXX_LANGUAGE_STANDARD = "gnu++0x";
				CLANG_CXX_LIBRARY = "libc++";
				CLANG_ENABLE_MODULES = YES;
				CLANG_ENABLE_OBJC_ARC = YES;
				CLANG_WARN_BOOL_CONVERSION = YES;
				CLANG_WARN_CONSTANT_CONVERSION = YES;
				CLANG_WARN_DIRECT_OBJC_ISA_USAGE = YES_ERROR;
				CLANG_WARN_DOCUMENTATION_COMMENTS = YES;
				CLANG_WARN_EMPTY_BODY = YES;
				CLANG_WARN_ENUM_CONVERSION = YES;
				CLANG_WARN_INFINITE_RECURSION = YES;
				CLANG_WARN_INT_CONVERSION = YES;
				CLANG_WARN_OBJC_ROOT_CLASS = YES_ERROR;
				CLANG_WARN_SUSPICIOUS_MOVES = YES;
				CLANG_WARN_UNREACHABLE_CODE = YES;
				CLANG_WARN__DUPLICATE_METHOD_MATCH = YES;
				"CODE_SIGN_IDENTITY[sdk=iphoneos*]" = "iPhone Developer";
				COPY_PHASE_STRIP = NO;
				DEBUG_INFORMATION_FORMAT = dwarf;
				ENABLE_STRICT_OBJC_MSGSEND = YES;
				ENABLE_TESTABILITY = YES;
				GCC_C_LANGUAGE_STANDARD = gnu99;
				GCC_DYNAMIC_NO_PIC = NO;
				GCC_NO_COMMON_BLOCKS = YES;
				GCC_OPTIMIZATION_LEVEL = 0;
				GCC_PREPROCESSOR_DEFINITIONS = (
					"DEBUG=1",
					"$(inherited)",
				);
				GCC_WARN_64_TO_32_BIT_CONVERSION = YES;
				GCC_WARN_ABOUT_RETURN_TYPE = YES_ERROR;
				GCC_WARN_UNDECLARED_SELECTOR = YES;
				GCC_WARN_UNINITIALIZED_AUTOS = YES_AGGRESSIVE;
				GCC_WARN_UNUSED_FUNCTION = YES;
				GCC_WARN_UNUSED_VARIABLE = YES;
				IPHONEOS_DEPLOYMENT_TARGET = 10.1;
				MTL_ENABLE_DEBUG_INFO = YES;
				ONLY_ACTIVE_ARCH = YES;
				SDKROOT = iphoneos;
			};
			name = Debug;
		};
		D0385BCC1DF5454800B7D625 /* Release */ = {
			isa = XCBuildConfiguration;
			buildSettings = {
				ALWAYS_SEARCH_USER_PATHS = NO;
				CLANG_ANALYZER_NONNULL = YES;
				CLANG_CXX_LANGUAGE_STANDARD = "gnu++0x";
				CLANG_CXX_LIBRARY = "libc++";
				CLANG_ENABLE_MODULES = YES;
				CLANG_ENABLE_OBJC_ARC = YES;
				CLANG_WARN_BOOL_CONVERSION = YES;
				CLANG_WARN_CONSTANT_CONVERSION = YES;
				CLANG_WARN_DIRECT_OBJC_ISA_USAGE = YES_ERROR;
				CLANG_WARN_DOCUMENTATION_COMMENTS = YES;
				CLANG_WARN_EMPTY_BODY = YES;
				CLANG_WARN_ENUM_CONVERSION = YES;
				CLANG_WARN_INFINITE_RECURSION = YES;
				CLANG_WARN_INT_CONVERSION = YES;
				CLANG_WARN_OBJC_ROOT_CLASS = YES_ERROR;
				CLANG_WARN_SUSPICIOUS_MOVES = YES;
				CLANG_WARN_UNREACHABLE_CODE = YES;
				CLANG_WARN__DUPLICATE_METHOD_MATCH = YES;
				"CODE_SIGN_IDENTITY[sdk=iphoneos*]" = "iPhone Developer";
				COPY_PHASE_STRIP = NO;
				DEBUG_INFORMATION_FORMAT = "dwarf-with-dsym";
				ENABLE_NS_ASSERTIONS = NO;
				ENABLE_STRICT_OBJC_MSGSEND = YES;
				GCC_C_LANGUAGE_STANDARD = gnu99;
				GCC_NO_COMMON_BLOCKS = YES;
				GCC_WARN_64_TO_32_BIT_CONVERSION = YES;
				GCC_WARN_ABOUT_RETURN_TYPE = YES_ERROR;
				GCC_WARN_UNDECLARED_SELECTOR = YES;
				GCC_WARN_UNINITIALIZED_AUTOS = YES_AGGRESSIVE;
				GCC_WARN_UNUSED_FUNCTION = YES;
				GCC_WARN_UNUSED_VARIABLE = YES;
				IPHONEOS_DEPLOYMENT_TARGET = 10.1;
				MTL_ENABLE_DEBUG_INFO = NO;
				SDKROOT = iphoneos;
				VALIDATE_PRODUCT = YES;
			};
			name = Release;
		};
		D0385BCE1DF5454800B7D625 /* Debug */ = {
			isa = XCBuildConfiguration;
			buildSettings = {
				ASSETCATALOG_COMPILER_APPICON_NAME = AppIcon;
				DEVELOPMENT_TEAM = KLYZKP2VX3;
				INFOPLIST_FILE = RunTimeDemo/Info.plist;
				LD_RUNPATH_SEARCH_PATHS = "$(inherited) @executable_path/Frameworks";
				PRODUCT_BUNDLE_IDENTIFIER = hxshop.com.RunTimeDemo;
				PRODUCT_NAME = "$(TARGET_NAME)";
			};
			name = Debug;
		};
		D0385BCF1DF5454800B7D625 /* Release */ = {
			isa = XCBuildConfiguration;
			buildSettings = {
				ASSETCATALOG_COMPILER_APPICON_NAME = AppIcon;
				DEVELOPMENT_TEAM = KLYZKP2VX3;
				INFOPLIST_FILE = RunTimeDemo/Info.plist;
				LD_RUNPATH_SEARCH_PATHS = "$(inherited) @executable_path/Frameworks";
				PRODUCT_BUNDLE_IDENTIFIER = hxshop.com.RunTimeDemo;
				PRODUCT_NAME = "$(TARGET_NAME)";
			};
			name = Release;
		};
		D0385BD11DF5454800B7D625 /* Debug */ = {
			isa = XCBuildConfiguration;
			buildSettings = {
				BUNDLE_LOADER = "$(TEST_HOST)";
				INFOPLIST_FILE = RunTimeDemoTests/Info.plist;
				LD_RUNPATH_SEARCH_PATHS = "$(inherited) @executable_path/Frameworks @loader_path/Frameworks";
				PRODUCT_BUNDLE_IDENTIFIER = hxshop.com.RunTimeDemoTests;
				PRODUCT_NAME = "$(TARGET_NAME)";
				TEST_HOST = "$(BUILT_PRODUCTS_DIR)/RunTimeDemo.app/RunTimeDemo";
			};
			name = Debug;
		};
		D0385BD21DF5454800B7D625 /* Release */ = {
			isa = XCBuildConfiguration;
			buildSettings = {
				BUNDLE_LOADER = "$(TEST_HOST)";
				INFOPLIST_FILE = RunTimeDemoTests/Info.plist;
				LD_RUNPATH_SEARCH_PATHS = "$(inherited) @executable_path/Frameworks @loader_path/Frameworks";
				PRODUCT_BUNDLE_IDENTIFIER = hxshop.com.RunTimeDemoTests;
				PRODUCT_NAME = "$(TARGET_NAME)";
				TEST_HOST = "$(BUILT_PRODUCTS_DIR)/RunTimeDemo.app/RunTimeDemo";
			};
			name = Release;
		};
		D0385BD41DF5454800B7D625 /* Debug */ = {
			isa = XCBuildConfiguration;
			buildSettings = {
				INFOPLIST_FILE = RunTimeDemoUITests/Info.plist;
				LD_RUNPATH_SEARCH_PATHS = "$(inherited) @executable_path/Frameworks @loader_path/Frameworks";
				PRODUCT_BUNDLE_IDENTIFIER = hxshop.com.RunTimeDemoUITests;
				PRODUCT_NAME = "$(TARGET_NAME)";
				TEST_TARGET_NAME = RunTimeDemo;
			};
			name = Debug;
		};
		D0385BD51DF5454800B7D625 /* Release */ = {
			isa = XCBuildConfiguration;
			buildSettings = {
				INFOPLIST_FILE = RunTimeDemoUITests/Info.plist;
				LD_RUNPATH_SEARCH_PATHS = "$(inherited) @executable_path/Frameworks @loader_path/Frameworks";
				PRODUCT_BUNDLE_IDENTIFIER = hxshop.com.RunTimeDemoUITests;
				PRODUCT_NAME = "$(TARGET_NAME)";
				TEST_TARGET_NAME = RunTimeDemo;
			};
			name = Release;
		};
/* End XCBuildConfiguration section */

/* Begin XCConfigurationList section */
		D0385B9B1DF5454800B7D625 /* Build configuration list for PBXProject "RunTimeDemo" */ = {
			isa = XCConfigurationList;
			buildConfigurations = (
				D0385BCB1DF5454800B7D625 /* Debug */,
				D0385BCC1DF5454800B7D625 /* Release */,
			);
			defaultConfigurationIsVisible = 0;
			defaultConfigurationName = Release;
		};
		D0385BCD1DF5454800B7D625 /* Build configuration list for PBXNativeTarget "RunTimeDemo" */ = {
			isa = XCConfigurationList;
			buildConfigurations = (
				D0385BCE1DF5454800B7D625 /* Debug */,
				D0385BCF1DF5454800B7D625 /* Release */,
			);
			defaultConfigurationIsVisible = 0;
		};
		D0385BD01DF5454800B7D625 /* Build configuration list for PBXNativeTarget "RunTimeDemoTests" */ = {
			isa = XCConfigurationList;
			buildConfigurations = (
				D0385BD11DF5454800B7D625 /* Debug */,
				D0385BD21DF5454800B7D625 /* Release */,
			);
			defaultConfigurationIsVisible = 0;
		};
		D0385BD31DF5454800B7D625 /* Build configuration list for PBXNativeTarget "RunTimeDemoUITests" */ = {
			isa = XCConfigurationList;
			buildConfigurations = (
				D0385BD41DF5454800B7D625 /* Debug */,
				D0385BD51DF5454800B7D625 /* Release */,
			);
			defaultConfigurationIsVisible = 0;
		};
/* End XCConfigurationList section */
	};
	rootObject = D0385B981DF5454800B7D625 /* Project object */;
}
